
Microsoft Visual Studio Solution File, Format Version 12.00
# Visual Studio Version 17
VisualStudioVersion = 17.10.35122.118
MinimumVisualStudioVersion = 10.0.40219.1
Project("{FAE04EC0-301F-11D3-BF4B-00C04F79EFBC}") = "EmployeesInformation", "EmployeesInformation\EmployeesInformation.csproj", "{F763B2C6-9C01-4C63-9A09-D2E8CFF4B505}"
EndProject
Global
	GlobalSection(SolutionConfigurationPlatforms) = preSolution
		Debug|Any CPU = Debug|Any CPU
		Release|Any CPU = Release|Any CPU
	EndGlobalSection
	GlobalSection(ProjectConfigurationPlatforms) = postSolution
		{F763B2C6-9C01-4C63-9A09-D2E8CFF4B505}.Debug|Any CPU.ActiveCfg = Debug|Any CPU
		{F763B2C6-9C01-4C63-9A09-D2E8CFF4B505}.Debug|Any CPU.Build.0 = Debug|Any CPU
		{F763B2C6-9C01-4C63-9A09-D2E8CFF4B505}.Release|Any CPU.ActiveCfg = Release|Any CPU
		{F763B2C6-9C01-4C63-9A09-D2E8CFF4B505}.Release|Any CPU.Build.0 = Release|Any CPU
	EndGlobalSection
	GlobalSection(SolutionProperties) = preSolution
		HideSolutionNode = FALSE
	EndGlobalSection
	GlobalSection(ExtensibilityGlobals) = postSolution
		SolutionGuid = {92C07570-6D99-48FB-9261-D005BBBFA3AB}
	EndGlobalSection
EndGlobal
